// !$*UTF8*$!
{
	archiveVersion = 1;
	classes = {
	};
	objectVersion = 56;
	objects = {

/* Begin PBXBuildFile section */
		90504D652973556700BDE429 /* LocationHelper.swift in Sources */ = {isa = PBXBuildFile; fileRef = 90504D642973556700BDE429 /* LocationHelper.swift */; };
		90504D68297357C200BDE429 /* routes.txt in Resources */ = {isa = PBXBuildFile; fileRef = 90504D67297357C200BDE429 /* routes.txt */; };
		90504D6C29735EE300BDE429 /* stops.txt in Resources */ = {isa = PBXBuildFile; fileRef = 90504D6B29735EE300BDE429 /* stops.txt */; };
		90504D6E29735F8600BDE429 /* MTABusStop.swift in Sources */ = {isa = PBXBuildFile; fileRef = 90504D6D29735F8600BDE429 /* MTABusStop.swift */; };
		90504D712973601100BDE429 /* CodableCSV in Frameworks */ = {isa = PBXBuildFile; productRef = 90504D702973601100BDE429 /* CodableCSV */; };
		906AA4CC29745534000841BD /* DistanceUnit.swift in Sources */ = {isa = PBXBuildFile; fileRef = 906AA4CB29745534000841BD /* DistanceUnit.swift */; };
		906AA4CE29745974000841BD /* MTABus.swift in Sources */ = {isa = PBXBuildFile; fileRef = 906AA4CD29745974000841BD /* MTABus.swift */; };
		906AA4D229745B65000841BD /* BusesAtStopView.swift in Sources */ = {isa = PBXBuildFile; fileRef = 906AA4D129745B65000841BD /* BusesAtStopView.swift */; };
		906AA4D42974A496000841BD /* TripUpdatesView.swift in Sources */ = {isa = PBXBuildFile; fileRef = 906AA4D32974A496000841BD /* TripUpdatesView.swift */; };
		906AA4D62974B132000841BD /* trips.txt in Resources */ = {isa = PBXBuildFile; fileRef = 906AA4D52974B132000841BD /* trips.txt */; };
		906AA4D82974B167000841BD /* MTABusTrip.swift in Sources */ = {isa = PBXBuildFile; fileRef = 906AA4D72974B167000841BD /* MTABusTrip.swift */; };
		90836552297217AD0070A354 /* NYCBusNearbyApp.swift in Sources */ = {isa = PBXBuildFile; fileRef = 90836551297217AD0070A354 /* NYCBusNearbyApp.swift */; };
		90836554297217AD0070A354 /* ContentView.swift in Sources */ = {isa = PBXBuildFile; fileRef = 90836553297217AD0070A354 /* ContentView.swift */; };
		90836556297217AE0070A354 /* Assets.xcassets in Resources */ = {isa = PBXBuildFile; fileRef = 90836555297217AE0070A354 /* Assets.xcassets */; };
		90836559297217AE0070A354 /* Preview Assets.xcassets in Resources */ = {isa = PBXBuildFile; fileRef = 90836558297217AE0070A354 /* Preview Assets.xcassets */; };
		90836560297218000070A354 /* ViewModel.swift in Sources */ = {isa = PBXBuildFile; fileRef = 9083655F297218000070A354 /* ViewModel.swift */; };
		90836563297218600070A354 /* MTAFeedDownloader.swift in Sources */ = {isa = PBXBuildFile; fileRef = 90836562297218600070A354 /* MTAFeedDownloader.swift */; };
		90836565297218B20070A354 /* MTAFeedConstant.swift in Sources */ = {isa = PBXBuildFile; fileRef = 90836564297218B20070A354 /* MTAFeedConstant.swift */; };
		90836567297218CB0070A354 /* MTAFeedDownloadError.swift in Sources */ = {isa = PBXBuildFile; fileRef = 90836566297218CB0070A354 /* MTAFeedDownloadError.swift */; };
		908365692972191F0070A354 /* MTABusFeedURL.swift in Sources */ = {isa = PBXBuildFile; fileRef = 908365682972191F0070A354 /* MTABusFeedURL.swift */; };
		9083656B29721A120070A354 /* MTAFeedWrapper.swift in Sources */ = {isa = PBXBuildFile; fileRef = 9083656A29721A120070A354 /* MTAFeedWrapper.swift */; };
		9083656D29721A280070A354 /* MTATripUpdate.swift in Sources */ = {isa = PBXBuildFile; fileRef = 9083656C29721A280070A354 /* MTATripUpdate.swift */; };
		9083656F29721A380070A354 /* MTAStopTimeUpdate.swift in Sources */ = {isa = PBXBuildFile; fileRef = 9083656E29721A380070A354 /* MTAStopTimeUpdate.swift */; };
		9083657129721A4F0070A354 /* MTATrip.swift in Sources */ = {isa = PBXBuildFile; fileRef = 9083657029721A4F0070A354 /* MTATrip.swift */; };
		9083657329721A670070A354 /* MTADirection.swift in Sources */ = {isa = PBXBuildFile; fileRef = 9083657229721A670070A354 /* MTADirection.swift */; };
		9083657529721A870070A354 /* MTAVehicle.swift in Sources */ = {isa = PBXBuildFile; fileRef = 9083657429721A870070A354 /* MTAVehicle.swift */; };
		9083657829721B520070A354 /* SwiftProtobuf in Frameworks */ = {isa = PBXBuildFile; productRef = 9083657729721B520070A354 /* SwiftProtobuf */; };
		9083657A29721B520070A354 /* SwiftProtobufPluginLibrary in Frameworks */ = {isa = PBXBuildFile; productRef = 9083657929721B520070A354 /* SwiftProtobufPluginLibrary */; };
		9083657C29721B7C0070A354 /* nyct-subway.pb.swift in Sources */ = {isa = PBXBuildFile; fileRef = 9083657B29721B7C0070A354 /* nyct-subway.pb.swift */; };
		9083657E29721B970070A354 /* gtfs-realtime.pb.swift in Sources */ = {isa = PBXBuildFile; fileRef = 9083657D29721B970070A354 /* gtfs-realtime.pb.swift */; };
		9083658029721C0B0070A354 /* MTATripReplacementPeriod.swift in Sources */ = {isa = PBXBuildFile; fileRef = 9083657F29721C0B0070A354 /* MTATripReplacementPeriod.swift */; };
		9083658229721C250070A354 /* MTAAlert.swift in Sources */ = {isa = PBXBuildFile; fileRef = 9083658129721C250070A354 /* MTAAlert.swift */; };
		9083658429721C430070A354 /* MTAVehicleStatus.swift in Sources */ = {isa = PBXBuildFile; fileRef = 9083658329721C430070A354 /* MTAVehicleStatus.swift */; };
/* End PBXBuildFile section */

/* Begin PBXFileReference section */
		90504D642973556700BDE429 /* LocationHelper.swift */ = {isa = PBXFileReference; lastKnownFileType = sourcecode.swift; path = LocationHelper.swift; sourceTree = "<group>"; };
		90504D67297357C200BDE429 /* routes.txt */ = {isa = PBXFileReference; fileEncoding = 4; lastKnownFileType = text; path = routes.txt; sourceTree = "<group>"; };
		90504D6B29735EE300BDE429 /* stops.txt */ = {isa = PBXFileReference; fileEncoding = 4; lastKnownFileType = text; path = stops.txt; sourceTree = "<group>"; };
		90504D6D29735F8600BDE429 /* MTABusStop.swift */ = {isa = PBXFileReference; lastKnownFileType = sourcecode.swift; path = MTABusStop.swift; sourceTree = "<group>"; };
		906AA4CB29745534000841BD /* DistanceUnit.swift */ = {isa = PBXFileReference; lastKnownFileType = sourcecode.swift; path = DistanceUnit.swift; sourceTree = "<group>"; };
		906AA4CD29745974000841BD /* MTABus.swift */ = {isa = PBXFileReference; lastKnownFileType = sourcecode.swift; path = MTABus.swift; sourceTree = "<group>"; };
		906AA4D129745B65000841BD /* BusesAtStopView.swift */ = {isa = PBXFileReference; lastKnownFileType = sourcecode.swift; path = BusesAtStopView.swift; sourceTree = "<group>"; };
		906AA4D32974A496000841BD /* TripUpdatesView.swift */ = {isa = PBXFileReference; lastKnownFileType = sourcecode.swift; path = TripUpdatesView.swift; sourceTree = "<group>"; };
		906AA4D52974B132000841BD /* trips.txt */ = {isa = PBXFileReference; fileEncoding = 4; lastKnownFileType = text; path = trips.txt; sourceTree = "<group>"; };
		906AA4D72974B167000841BD /* MTABusTrip.swift */ = {isa = PBXFileReference; lastKnownFileType = sourcecode.swift; path = MTABusTrip.swift; sourceTree = "<group>"; };
		9083654E297217AD0070A354 /* NYCBusNearby.app */ = {isa = PBXFileReference; explicitFileType = wrapper.application; includeInIndex = 0; path = NYCBusNearby.app; sourceTree = BUILT_PRODUCTS_DIR; };
		90836551297217AD0070A354 /* NYCBusNearbyApp.swift */ = {isa = PBXFileReference; lastKnownFileType = sourcecode.swift; path = NYCBusNearbyApp.swift; sourceTree = "<group>"; };
		90836553297217AD0070A354 /* ContentView.swift */ = {isa = PBXFileReference; lastKnownFileType = sourcecode.swift; path = ContentView.swift; sourceTree = "<group>"; };
		90836555297217AE0070A354 /* Assets.xcassets */ = {isa = PBXFileReference; lastKnownFileType = folder.assetcatalog; path = Assets.xcassets; sourceTree = "<group>"; };
		90836558297217AE0070A354 /* Preview Assets.xcassets */ = {isa = PBXFileReference; lastKnownFileType = folder.assetcatalog; path = "Preview Assets.xcassets"; sourceTree = "<group>"; };
		9083655F297218000070A354 /* ViewModel.swift */ = {isa = PBXFileReference; lastKnownFileType = sourcecode.swift; path = ViewModel.swift; sourceTree = "<group>"; };
		90836562297218600070A354 /* MTAFeedDownloader.swift */ = {isa = PBXFileReference; lastKnownFileType = sourcecode.swift; path = MTAFeedDownloader.swift; sourceTree = "<group>"; };
		90836564297218B20070A354 /* MTAFeedConstant.swift */ = {isa = PBXFileReference; lastKnownFileType = sourcecode.swift; path = MTAFeedConstant.swift; sourceTree = "<group>"; };
		90836566297218CB0070A354 /* MTAFeedDownloadError.swift */ = {isa = PBXFileReference; lastKnownFileType = sourcecode.swift; path = MTAFeedDownloadError.swift; sourceTree = "<group>"; };
		908365682972191F0070A354 /* MTABusFeedURL.swift */ = {isa = PBXFileReference; lastKnownFileType = sourcecode.swift; path = MTABusFeedURL.swift; sourceTree = "<group>"; };
		9083656A29721A120070A354 /* MTAFeedWrapper.swift */ = {isa = PBXFileReference; lastKnownFileType = sourcecode.swift; path = MTAFeedWrapper.swift; sourceTree = "<group>"; };
		9083656C29721A280070A354 /* MTATripUpdate.swift */ = {isa = PBXFileReference; lastKnownFileType = sourcecode.swift; path = MTATripUpdate.swift; sourceTree = "<group>"; };
		9083656E29721A380070A354 /* MTAStopTimeUpdate.swift */ = {isa = PBXFileReference; lastKnownFileType = sourcecode.swift; path = MTAStopTimeUpdate.swift; sourceTree = "<group>"; };
		9083657029721A4F0070A354 /* MTATrip.swift */ = {isa = PBXFileReference; lastKnownFileType = sourcecode.swift; path = MTATrip.swift; sourceTree = "<group>"; };
		9083657229721A670070A354 /* MTADirection.swift */ = {isa = PBXFileReference; lastKnownFileType = sourcecode.swift; path = MTADirection.swift; sourceTree = "<group>"; };
		9083657429721A870070A354 /* MTAVehicle.swift */ = {isa = PBXFileReference; lastKnownFileType = sourcecode.swift; path = MTAVehicle.swift; sourceTree = "<group>"; };
		9083657B29721B7C0070A354 /* nyct-subway.pb.swift */ = {isa = PBXFileReference; lastKnownFileType = sourcecode.swift; path = "nyct-subway.pb.swift"; sourceTree = "<group>"; };
		9083657D29721B970070A354 /* gtfs-realtime.pb.swift */ = {isa = PBXFileReference; lastKnownFileType = sourcecode.swift; path = "gtfs-realtime.pb.swift"; sourceTree = "<group>"; };
		9083657F29721C0B0070A354 /* MTATripReplacementPeriod.swift */ = {isa = PBXFileReference; lastKnownFileType = sourcecode.swift; path = MTATripReplacementPeriod.swift; sourceTree = "<group>"; };
		9083658129721C250070A354 /* MTAAlert.swift */ = {isa = PBXFileReference; lastKnownFileType = sourcecode.swift; path = MTAAlert.swift; sourceTree = "<group>"; };
		9083658329721C430070A354 /* MTAVehicleStatus.swift */ = {isa = PBXFileReference; lastKnownFileType = sourcecode.swift; path = MTAVehicleStatus.swift; sourceTree = "<group>"; };
/* End PBXFileReference section */

/* Begin PBXFrameworksBuildPhase section */
		9083654B297217AD0070A354 /* Frameworks */ = {
			isa = PBXFrameworksBuildPhase;
			buildActionMask = 2147483647;
			files = (
				9083657A29721B520070A354 /* SwiftProtobufPluginLibrary in Frameworks */,
				90504D712973601100BDE429 /* CodableCSV in Frameworks */,
				9083657829721B520070A354 /* SwiftProtobuf in Frameworks */,
			);
			runOnlyForDeploymentPostprocessing = 0;
		};
/* End PBXFrameworksBuildPhase section */

/* Begin PBXGroup section */
		90504D662973577D00BDE429 /* Resources */ = {
			isa = PBXGroup;
			children = (
				90504D67297357C200BDE429 /* routes.txt */,
				90504D6B29735EE300BDE429 /* stops.txt */,
				906AA4D52974B132000841BD /* trips.txt */,
			);
			path = Resources;
			sourceTree = "<group>";
		};
		90836545297217AD0070A354 = {
			isa = PBXGroup;
			children = (
				90836550297217AD0070A354 /* NYCBusNearby */,
				9083654F297217AD0070A354 /* Products */,
			);
			sourceTree = "<group>";
		};
		9083654F297217AD0070A354 /* Products */ = {
			isa = PBXGroup;
			children = (
				9083654E297217AD0070A354 /* NYCBusNearby.app */,
			);
			name = Products;
			sourceTree = "<group>";
		};
		90836550297217AD0070A354 /* NYCBusNearby */ = {
			isa = PBXGroup;
			children = (
				90504D662973577D00BDE429 /* Resources */,
				90836561297218240070A354 /* Model */,
				90836551297217AD0070A354 /* NYCBusNearbyApp.swift */,
				90836553297217AD0070A354 /* ContentView.swift */,
				90836555297217AE0070A354 /* Assets.xcassets */,
				90836557297217AE0070A354 /* Preview Content */,
				9083655F297218000070A354 /* ViewModel.swift */,
				906AA4D129745B65000841BD /* BusesAtStopView.swift */,
				906AA4D32974A496000841BD /* TripUpdatesView.swift */,
			);
			path = NYCBusNearby;
			sourceTree = "<group>";
		};
		90836557297217AE0070A354 /* Preview Content */ = {
			isa = PBXGroup;
			children = (
				90836558297217AE0070A354 /* Preview Assets.xcassets */,
			);
			path = "Preview Content";
			sourceTree = "<group>";
		};
		90836561297218240070A354 /* Model */ = {
			isa = PBXGroup;
			children = (
				90836562297218600070A354 /* MTAFeedDownloader.swift */,
				90836564297218B20070A354 /* MTAFeedConstant.swift */,
				90836566297218CB0070A354 /* MTAFeedDownloadError.swift */,
				908365682972191F0070A354 /* MTABusFeedURL.swift */,
				9083656A29721A120070A354 /* MTAFeedWrapper.swift */,
				9083656C29721A280070A354 /* MTATripUpdate.swift */,
				9083656E29721A380070A354 /* MTAStopTimeUpdate.swift */,
				9083657029721A4F0070A354 /* MTATrip.swift */,
				9083657229721A670070A354 /* MTADirection.swift */,
				9083657429721A870070A354 /* MTAVehicle.swift */,
				9083657B29721B7C0070A354 /* nyct-subway.pb.swift */,
				9083657D29721B970070A354 /* gtfs-realtime.pb.swift */,
				9083657F29721C0B0070A354 /* MTATripReplacementPeriod.swift */,
				9083658129721C250070A354 /* MTAAlert.swift */,
				9083658329721C430070A354 /* MTAVehicleStatus.swift */,
				90504D642973556700BDE429 /* LocationHelper.swift */,
				90504D6D29735F8600BDE429 /* MTABusStop.swift */,
				906AA4CB29745534000841BD /* DistanceUnit.swift */,
				906AA4CD29745974000841BD /* MTABus.swift */,
				906AA4D72974B167000841BD /* MTABusTrip.swift */,
			);
			path = Model;
			sourceTree = "<group>";
		};
/* End PBXGroup section */

/* Begin PBXNativeTarget section */
		9083654D297217AD0070A354 /* NYCBusNearby */ = {
			isa = PBXNativeTarget;
			buildConfigurationList = 9083655C297217AE0070A354 /* Build configuration list for PBXNativeTarget "NYCBusNearby" */;
			buildPhases = (
				9083654A297217AD0070A354 /* Sources */,
				9083654B297217AD0070A354 /* Frameworks */,
				9083654C297217AD0070A354 /* Resources */,
			);
			buildRules = (
			);
			dependencies = (
			);
			name = NYCBusNearby;
			packageProductDependencies = (
				9083657729721B520070A354 /* SwiftProtobuf */,
				9083657929721B520070A354 /* SwiftProtobufPluginLibrary */,
				90504D702973601100BDE429 /* CodableCSV */,
			);
			productName = NYCBusNearby;
			productReference = 9083654E297217AD0070A354 /* NYCBusNearby.app */;
			productType = "com.apple.product-type.application";
		};
/* End PBXNativeTarget section */

/* Begin PBXProject section */
		90836546297217AD0070A354 /* Project object */ = {
			isa = PBXProject;
			attributes = {
				BuildIndependentTargetsInParallel = 1;
				LastSwiftUpdateCheck = 1420;
				LastUpgradeCheck = 1420;
				TargetAttributes = {
					9083654D297217AD0070A354 = {
						CreatedOnToolsVersion = 14.2;
					};
				};
			};
			buildConfigurationList = 90836549297217AD0070A354 /* Build configuration list for PBXProject "NYCBusNearby" */;
			compatibilityVersion = "Xcode 14.0";
			developmentRegion = en;
			hasScannedForEncodings = 0;
			knownRegions = (
				en,
				Base,
			);
			mainGroup = 90836545297217AD0070A354;
			packageReferences = (
				9083657629721B520070A354 /* XCRemoteSwiftPackageReference "swift-protobuf" */,
				90504D6F2973601100BDE429 /* XCRemoteSwiftPackageReference "CodableCSV" */,
			);
			productRefGroup = 9083654F297217AD0070A354 /* Products */;
			projectDirPath = "";
			projectRoot = "";
			targets = (
				9083654D297217AD0070A354 /* NYCBusNearby */,
			);
		};
/* End PBXProject section */

/* Begin PBXResourcesBuildPhase section */
		9083654C297217AD0070A354 /* Resources */ = {
			isa = PBXResourcesBuildPhase;
			buildActionMask = 2147483647;
			files = (
				90504D6C29735EE300BDE429 /* stops.txt in Resources */,
				90836559297217AE0070A354 /* Preview Assets.xcassets in Resources */,
				90836556297217AE0070A354 /* Assets.xcassets in Resources */,
				906AA4D62974B132000841BD /* trips.txt in Resources */,
				90504D68297357C200BDE429 /* routes.txt in Resources */,
			);
			runOnlyForDeploymentPostprocessing = 0;
		};
/* End PBXResourcesBuildPhase section */

/* Begin PBXSourcesBuildPhase section */
		9083654A297217AD0070A354 /* Sources */ = {
			isa = PBXSourcesBuildPhase;
			buildActionMask = 2147483647;
			files = (
				90504D652973556700BDE429 /* LocationHelper.swift in Sources */,
				90836554297217AD0070A354 /* ContentView.swift in Sources */,
				90836565297218B20070A354 /* MTAFeedConstant.swift in Sources */,
				90836560297218000070A354 /* ViewModel.swift in Sources */,
				90504D6E29735F8600BDE429 /* MTABusStop.swift in Sources */,
				9083658429721C430070A354 /* MTAVehicleStatus.swift in Sources */,
				9083657529721A870070A354 /* MTAVehicle.swift in Sources */,
				906AA4CE29745974000841BD /* MTABus.swift in Sources */,
				906AA4D42974A496000841BD /* TripUpdatesView.swift in Sources */,
				90836567297218CB0070A354 /* MTAFeedDownloadError.swift in Sources */,
				908365692972191F0070A354 /* MTABusFeedURL.swift in Sources */,
				9083657129721A4F0070A354 /* MTATrip.swift in Sources */,
				90836552297217AD0070A354 /* NYCBusNearbyApp.swift in Sources */,
				9083656F29721A380070A354 /* MTAStopTimeUpdate.swift in Sources */,
				9083657329721A670070A354 /* MTADirection.swift in Sources */,
				9083656D29721A280070A354 /* MTATripUpdate.swift in Sources */,
				9083657C29721B7C0070A354 /* nyct-subway.pb.swift in Sources */,
				9083656B29721A120070A354 /* MTAFeedWrapper.swift in Sources */,
				9083658029721C0B0070A354 /* MTATripReplacementPeriod.swift in Sources */,
				906AA4D82974B167000841BD /* MTABusTrip.swift in Sources */,
				90836563297218600070A354 /* MTAFeedDownloader.swift in Sources */,
				906AA4D229745B65000841BD /* BusesAtStopView.swift in Sources */,
				9083657E29721B970070A354 /* gtfs-realtime.pb.swift in Sources */,
				9083658229721C250070A354 /* MTAAlert.swift in Sources */,
				906AA4CC29745534000841BD /* DistanceUnit.swift in Sources */,
			);
			runOnlyForDeploymentPostprocessing = 0;
		};
/* End PBXSourcesBuildPhase section */

/* Begin XCBuildConfiguration section */
		9083655A297217AE0070A354 /* Debug */ = {
			isa = XCBuildConfiguration;
			buildSettings = {
				ALWAYS_SEARCH_USER_PATHS = NO;
				CLANG_ANALYZER_NONNULL = YES;
				CLANG_ANALYZER_NUMBER_OBJECT_CONVERSION = YES_AGGRESSIVE;
				CLANG_CXX_LANGUAGE_STANDARD = "gnu++20";
				CLANG_ENABLE_MODULES = YES;
				CLANG_ENABLE_OBJC_ARC = YES;
				CLANG_ENABLE_OBJC_WEAK = YES;
				CLANG_WARN_BLOCK_CAPTURE_AUTORELEASING = YES;
				CLANG_WARN_BOOL_CONVERSION = YES;
				CLANG_WARN_COMMA = YES;
				CLANG_WARN_CONSTANT_CONVERSION = YES;
				CLANG_WARN_DEPRECATED_OBJC_IMPLEMENTATIONS = YES;
				CLANG_WARN_DIRECT_OBJC_ISA_USAGE = YES_ERROR;
				CLANG_WARN_DOCUMENTATION_COMMENTS = YES;
				CLANG_WARN_EMPTY_BODY = YES;
				CLANG_WARN_ENUM_CONVERSION = YES;
				CLANG_WARN_INFINITE_RECURSION = YES;
				CLANG_WARN_INT_CONVERSION = YES;
				CLANG_WARN_NON_LITERAL_NULL_CONVERSION = YES;
				CLANG_WARN_OBJC_IMPLICIT_RETAIN_SELF = YES;
				CLANG_WARN_OBJC_LITERAL_CONVERSION = YES;
				CLANG_WARN_OBJC_ROOT_CLASS = YES_ERROR;
				CLANG_WARN_QUOTED_INCLUDE_IN_FRAMEWORK_HEADER = YES;
				CLANG_WARN_RANGE_LOOP_ANALYSIS = YES;
				CLANG_WARN_STRICT_PROTOTYPES = YES;
				CLANG_WARN_SUSPICIOUS_MOVE = YES;
				CLANG_WARN_UNGUARDED_AVAILABILITY = YES_AGGRESSIVE;
				CLANG_WARN_UNREACHABLE_CODE = YES;
				CLANG_WARN__DUPLICATE_METHOD_MATCH = YES;
				COPY_PHASE_STRIP = NO;
				DEBUG_INFORMATION_FORMAT = dwarf;
				ENABLE_STRICT_OBJC_MSGSEND = YES;
				ENABLE_TESTABILITY = YES;
				GCC_C_LANGUAGE_STANDARD = gnu11;
				GCC_DYNAMIC_NO_PIC = NO;
				GCC_NO_COMMON_BLOCKS = YES;
				GCC_OPTIMIZATION_LEVEL = 0;
				GCC_PREPROCESSOR_DEFINITIONS = (
					"DEBUG=1",
					"$(inherited)",
				);
				GCC_WARN_64_TO_32_BIT_CONVERSION = YES;
				GCC_WARN_ABOUT_RETURN_TYPE = YES_ERROR;
				GCC_WARN_UNDECLARED_SELECTOR = YES;
				GCC_WARN_UNINITIALIZED_AUTOS = YES_AGGRESSIVE;
				GCC_WARN_UNUSED_FUNCTION = YES;
				GCC_WARN_UNUSED_VARIABLE = YES;
				IPHONEOS_DEPLOYMENT_TARGET = 16.2;
				MTL_ENABLE_DEBUG_INFO = INCLUDE_SOURCE;
				MTL_FAST_MATH = YES;
				ONLY_ACTIVE_ARCH = YES;
				SDKROOT = iphoneos;
				SWIFT_ACTIVE_COMPILATION_CONDITIONS = DEBUG;
				SWIFT_OPTIMIZATION_LEVEL = "-Onone";
			};
			name = Debug;
		};
		9083655B297217AE0070A354 /* Release */ = {
			isa = XCBuildConfiguration;
			buildSettings = {
				ALWAYS_SEARCH_USER_PATHS = NO;
				CLANG_ANALYZER_NONNULL = YES;
				CLANG_ANALYZER_NUMBER_OBJECT_CONVERSION = YES_AGGRESSIVE;
				CLANG_CXX_LANGUAGE_STANDARD = "gnu++20";
				CLANG_ENABLE_MODULES = YES;
				CLANG_ENABLE_OBJC_ARC = YES;
				CLANG_ENABLE_OBJC_WEAK = YES;
				CLANG_WARN_BLOCK_CAPTURE_AUTORELEASING = YES;
				CLANG_WARN_BOOL_CONVERSION = YES;
				CLANG_WARN_COMMA = YES;
				CLANG_WARN_CONSTANT_CONVERSION = YES;
				CLANG_WARN_DEPRECATED_OBJC_IMPLEMENTATIONS = YES;
				CLANG_WARN_DIRECT_OBJC_ISA_USAGE = YES_ERROR;
				CLANG_WARN_DOCUMENTATION_COMMENTS = YES;
				CLANG_WARN_EMPTY_BODY = YES;
				CLANG_WARN_ENUM_CONVERSION = YES;
				CLANG_WARN_INFINITE_RECURSION = YES;
				CLANG_WARN_INT_CONVERSION = YES;
				CLANG_WARN_NON_LITERAL_NULL_CONVERSION = YES;
				CLANG_WARN_OBJC_IMPLICIT_RETAIN_SELF = YES;
				CLANG_WARN_OBJC_LITERAL_CONVERSION = YES;
				CLANG_WARN_OBJC_ROOT_CLASS = YES_ERROR;
				CLANG_WARN_QUOTED_INCLUDE_IN_FRAMEWORK_HEADER = YES;
				CLANG_WARN_RANGE_LOOP_ANALYSIS = YES;
				CLANG_WARN_STRICT_PROTOTYPES = YES;
				CLANG_WARN_SUSPICIOUS_MOVE = YES;
				CLANG_WARN_UNGUARDED_AVAILABILITY = YES_AGGRESSIVE;
				CLANG_WARN_UNREACHABLE_CODE = YES;
				CLANG_WARN__DUPLICATE_METHOD_MATCH = YES;
				COPY_PHASE_STRIP = NO;
				DEBUG_INFORMATION_FORMAT = "dwarf-with-dsym";
				ENABLE_NS_ASSERTIONS = NO;
				ENABLE_STRICT_OBJC_MSGSEND = YES;
				GCC_C_LANGUAGE_STANDARD = gnu11;
				GCC_NO_COMMON_BLOCKS = YES;
				GCC_WARN_64_TO_32_BIT_CONVERSION = YES;
				GCC_WARN_ABOUT_RETURN_TYPE = YES_ERROR;
				GCC_WARN_UNDECLARED_SELECTOR = YES;
				GCC_WARN_UNINITIALIZED_AUTOS = YES_AGGRESSIVE;
				GCC_WARN_UNUSED_FUNCTION = YES;
				GCC_WARN_UNUSED_VARIABLE = YES;
				IPHONEOS_DEPLOYMENT_TARGET = 16.2;
				MTL_ENABLE_DEBUG_INFO = NO;
				MTL_FAST_MATH = YES;
				SDKROOT = iphoneos;
				SWIFT_COMPILATION_MODE = wholemodule;
				SWIFT_OPTIMIZATION_LEVEL = "-O";
				VALIDATE_PRODUCT = YES;
			};
			name = Release;
		};
		9083655D297217AE0070A354 /* Debug */ = {
			isa = XCBuildConfiguration;
			buildSettings = {
				ASSETCATALOG_COMPILER_APPICON_NAME = AppIcon;
				ASSETCATALOG_COMPILER_GLOBAL_ACCENT_COLOR_NAME = AccentColor;
				CODE_SIGN_STYLE = Automatic;
				CURRENT_PROJECT_VERSION = 1;
				DEVELOPMENT_ASSET_PATHS = "\"NYCBusNearby/Preview Content\"";
				DEVELOPMENT_TEAM = RWVTTVMWBE;
				ENABLE_PREVIEWS = YES;
				GENERATE_INFOPLIST_FILE = YES;
				INFOPLIST_KEY_NSLocationWhenInUseUsageDescription = "Your location is used to provide bus schedule at the nearby stops";
				INFOPLIST_KEY_UIApplicationSceneManifest_Generation = YES;
				INFOPLIST_KEY_UIApplicationSupportsIndirectInputEvents = YES;
				INFOPLIST_KEY_UILaunchScreen_Generation = YES;
				INFOPLIST_KEY_UISupportedInterfaceOrientations_iPad = "UIInterfaceOrientationPortrait UIInterfaceOrientationPortraitUpsideDown UIInterfaceOrientationLandscapeLeft UIInterfaceOrientationLandscapeRight";
				INFOPLIST_KEY_UISupportedInterfaceOrientations_iPhone = "UIInterfaceOrientationPortrait UIInterfaceOrientationLandscapeLeft UIInterfaceOrientationLandscapeRight";
				LD_RUNPATH_SEARCH_PATHS = (
					"$(inherited)",
					"@executable_path/Frameworks",
				);
				MARKETING_VERSION = 1.0;
				PRODUCT_BUNDLE_IDENTIFIER = com.resonance.jlee.NYCBusNearby;
				PRODUCT_NAME = "$(TARGET_NAME)";
				SWIFT_EMIT_LOC_STRINGS = YES;
				SWIFT_VERSION = 5.0;
				TARGETED_DEVICE_FAMILY = "1,2";
			};
			name = Debug;
		};
		9083655E297217AE0070A354 /* Release */ = {
			isa = XCBuildConfiguration;
			buildSettings = {
				ASSETCATALOG_COMPILER_APPICON_NAME = AppIcon;
				ASSETCATALOG_COMPILER_GLOBAL_ACCENT_COLOR_NAME = AccentColor;
				CODE_SIGN_STYLE = Automatic;
				CURRENT_PROJECT_VERSION = 1;
				DEVELOPMENT_ASSET_PATHS = "\"NYCBusNearby/Preview Content\"";
				DEVELOPMENT_TEAM = RWVTTVMWBE;
				ENABLE_PREVIEWS = YES;
				GENERATE_INFOPLIST_FILE = YES;
				INFOPLIST_KEY_NSLocationWhenInUseUsageDescription = "Your location is used to provide bus schedule at the nearby stops";
				INFOPLIST_KEY_UIApplicationSceneManifest_Generation = YES;
				INFOPLIST_KEY_UIApplicationSupportsIndirectInputEvents = YES;
				INFOPLIST_KEY_UILaunchScreen_Generation = YES;
				INFOPLIST_KEY_UISupportedInterfaceOrientations_iPad = "UIInterfaceOrientationPortrait UIInterfaceOrientationPortraitUpsideDown UIInterfaceOrientationLandscapeLeft UIInterfaceOrientationLandscapeRight";
				INFOPLIST_KEY_UISupportedInterfaceOrientations_iPhone = "UIInterfaceOrientationPortrait UIInterfaceOrientationLandscapeLeft UIInterfaceOrientationLandscapeRight";
				LD_RUNPATH_SEARCH_PATHS = (
					"$(inherited)",
					"@executable_path/Frameworks",
				);
				MARKETING_VERSION = 1.0;
				PRODUCT_BUNDLE_IDENTIFIER = com.resonance.jlee.NYCBusNearby;
				PRODUCT_NAME = "$(TARGET_NAME)";
				SWIFT_EMIT_LOC_STRINGS = YES;
				SWIFT_VERSION = 5.0;
				TARGETED_DEVICE_FAMILY = "1,2";
			};
			name = Release;
		};
/* End XCBuildConfiguration section */

/* Begin XCConfigurationList section */
		90836549297217AD0070A354 /* Build configuration list for PBXProject "NYCBusNearby" */ = {
			isa = XCConfigurationList;
			buildConfigurations = (
				9083655A297217AE0070A354 /* Debug */,
				9083655B297217AE0070A354 /* Release */,
			);
			defaultConfigurationIsVisible = 0;
			defaultConfigurationName = Release;
		};
		9083655C297217AE0070A354 /* Build configuration list for PBXNativeTarget "NYCBusNearby" */ = {
			isa = XCConfigurationList;
			buildConfigurations = (
				9083655D297217AE0070A354 /* Debug */,
				9083655E297217AE0070A354 /* Release */,
			);
			defaultConfigurationIsVisible = 0;
			defaultConfigurationName = Release;
		};
/* End XCConfigurationList section */

/* Begin XCRemoteSwiftPackageReference section */
		90504D6F2973601100BDE429 /* XCRemoteSwiftPackageReference "CodableCSV" */ = {
			isa = XCRemoteSwiftPackageReference;
			repositoryURL = "https://github.com/dehesa/CodableCSV";
			requirement = {
				kind = upToNextMajorVersion;
				minimumVersion = 0.6.7;
			};
		};
		9083657629721B520070A354 /* XCRemoteSwiftPackageReference "swift-protobuf" */ = {
			isa = XCRemoteSwiftPackageReference;
			repositoryURL = "https://github.com/apple/swift-protobuf.git";
			requirement = {
				kind = upToNextMajorVersion;
				minimumVersion = 1.0.0;
			};
		};
/* End XCRemoteSwiftPackageReference section */

/* Begin XCSwiftPackageProductDependency section */
		90504D702973601100BDE429 /* CodableCSV */ = {
			isa = XCSwiftPackageProductDependency;
			package = 90504D6F2973601100BDE429 /* XCRemoteSwiftPackageReference "CodableCSV" */;
			productName = CodableCSV;
		};
		9083657729721B520070A354 /* SwiftProtobuf */ = {
			isa = XCSwiftPackageProductDependency;
			package = 9083657629721B520070A354 /* XCRemoteSwiftPackageReference "swift-protobuf" */;
			productName = SwiftProtobuf;
		};
		9083657929721B520070A354 /* SwiftProtobufPluginLibrary */ = {
			isa = XCSwiftPackageProductDependency;
			package = 9083657629721B520070A354 /* XCRemoteSwiftPackageReference "swift-protobuf" */;
			productName = SwiftProtobufPluginLibrary;
		};
/* End XCSwiftPackageProductDependency section */
	};
	rootObject = 90836546297217AD0070A354 /* Project object */;
}
