// !$*UTF8*$!
{
	archiveVersion = 1;
	classes = {
	};
	objectVersion = 56;
	objects = {

/* Begin PBXBuildFile section */
		90504D652973556700BDE429 /* LocationHelper.swift in Sources */ = {isa = PBXBuildFile; fileRef = 90504D642973556700BDE429 /* LocationHelper.swift */; };
		90504D68297357C200BDE429 /* routes.txt in Resources */ = {isa = PBXBuildFile; fileRef = 90504D67297357C200BDE429 /* routes.txt */; };
		90504D6E29735F8600BDE429 /* MTABusStop.swift in Sources */ = {isa = PBXBuildFile; fileRef = 90504D6D29735F8600BDE429 /* MTABusStop.swift */; };
		90504D712973601100BDE429 /* CodableCSV in Frameworks */ = {isa = PBXBuildFile; productRef = 90504D702973601100BDE429 /* CodableCSV */; };
		906AA4CC29745534000841BD /* DistanceUnit.swift in Sources */ = {isa = PBXBuildFile; fileRef = 906AA4CB29745534000841BD /* DistanceUnit.swift */; };
		906AA4CE29745974000841BD /* MTABus.swift in Sources */ = {isa = PBXBuildFile; fileRef = 906AA4CD29745974000841BD /* MTABus.swift */; };
		906AA4D229745B65000841BD /* BusesAtStopView.swift in Sources */ = {isa = PBXBuildFile; fileRef = 906AA4D129745B65000841BD /* BusesAtStopView.swift */; };
		906AA4D42974A496000841BD /* BusTripUpdateView.swift in Sources */ = {isa = PBXBuildFile; fileRef = 906AA4D32974A496000841BD /* BusTripUpdateView.swift */; };
		906AA4D82974B167000841BD /* MTABusTrip.swift in Sources */ = {isa = PBXBuildFile; fileRef = 906AA4D72974B167000841BD /* MTABusTrip.swift */; };
		906D0E23298870A000FA1287 /* RestResponseWrapper.swift in Sources */ = {isa = PBXBuildFile; fileRef = 906D0E22298870A000FA1287 /* RestResponseWrapper.swift */; };
		906D0E25298870A700FA1287 /* RestVehicle.swift in Sources */ = {isa = PBXBuildFile; fileRef = 906D0E24298870A700FA1287 /* RestVehicle.swift */; };
		906D0E27298870AC00FA1287 /* RestVehicleStatus.swift in Sources */ = {isa = PBXBuildFile; fileRef = 906D0E26298870AC00FA1287 /* RestVehicleStatus.swift */; };
		906D0E29298870B000FA1287 /* RestDirection.swift in Sources */ = {isa = PBXBuildFile; fileRef = 906D0E28298870B000FA1287 /* RestDirection.swift */; };
		906D0E2B298870B500FA1287 /* RestTrip.swift in Sources */ = {isa = PBXBuildFile; fileRef = 906D0E2A298870B500FA1287 /* RestTrip.swift */; };
		906D0E2D298870BA00FA1287 /* RestTripUpdate.swift in Sources */ = {isa = PBXBuildFile; fileRef = 906D0E2C298870BA00FA1287 /* RestTripUpdate.swift */; };
		906D0E2F298870BE00FA1287 /* RestStopTimeUpdate.swift in Sources */ = {isa = PBXBuildFile; fileRef = 906D0E2E298870BE00FA1287 /* RestStopTimeUpdate.swift */; };
		906D0E312988723B00FA1287 /* RestDownloader.swift in Sources */ = {isa = PBXBuildFile; fileRef = 906D0E302988723B00FA1287 /* RestDownloader.swift */; };
		9082C1CE2975908F004D7130 /* Persistence in Frameworks */ = {isa = PBXBuildFile; productRef = 9082C1CD2975908F004D7130 /* Persistence */; };
		9082C1D2297590D7004D7130 /* NYCBusNearby.xcdatamodeld in Sources */ = {isa = PBXBuildFile; fileRef = 9082C1D0297590D7004D7130 /* NYCBusNearby.xcdatamodeld */; };
		9082C1D72975BE95004D7130 /* SettingsView.swift in Sources */ = {isa = PBXBuildFile; fileRef = 9082C1D62975BE95004D7130 /* SettingsView.swift */; };
		9082C1DC2975F79F004D7130 /* stops.txt in Resources */ = {isa = PBXBuildFile; fileRef = 9082C1DB2975F79F004D7130 /* stops.txt */; };
		9082C1E029760565004D7130 /* trips.txt in Resources */ = {isa = PBXBuildFile; fileRef = 9082C1DF29760565004D7130 /* trips.txt */; };
		90836552297217AD0070A354 /* NYCBusNearbyApp.swift in Sources */ = {isa = PBXBuildFile; fileRef = 90836551297217AD0070A354 /* NYCBusNearbyApp.swift */; };
		90836554297217AD0070A354 /* ContentView.swift in Sources */ = {isa = PBXBuildFile; fileRef = 90836553297217AD0070A354 /* ContentView.swift */; };
		90836556297217AE0070A354 /* Assets.xcassets in Resources */ = {isa = PBXBuildFile; fileRef = 90836555297217AE0070A354 /* Assets.xcassets */; };
		90836559297217AE0070A354 /* Preview Assets.xcassets in Resources */ = {isa = PBXBuildFile; fileRef = 90836558297217AE0070A354 /* Preview Assets.xcassets */; };
		90836560297218000070A354 /* ViewModel.swift in Sources */ = {isa = PBXBuildFile; fileRef = 9083655F297218000070A354 /* ViewModel.swift */; };
		90836565297218B20070A354 /* MTAFeedConstant.swift in Sources */ = {isa = PBXBuildFile; fileRef = 90836564297218B20070A354 /* MTAFeedConstant.swift */; };
		9083657829721B520070A354 /* SwiftProtobuf in Frameworks */ = {isa = PBXBuildFile; productRef = 9083657729721B520070A354 /* SwiftProtobuf */; };
		9083657A29721B520070A354 /* SwiftProtobufPluginLibrary in Frameworks */ = {isa = PBXBuildFile; productRef = 9083657929721B520070A354 /* SwiftProtobufPluginLibrary */; };
		90857EEE2991BA2E0052309B /* GoogleMobileAds in Frameworks */ = {isa = PBXBuildFile; productRef = 90857EED2991BA2E0052309B /* GoogleMobileAds */; };
		90857EF42991BB1E0052309B /* BannerAd.swift in Sources */ = {isa = PBXBuildFile; fileRef = 90857EF32991BB1E0052309B /* BannerAd.swift */; };
		90857EF62991BB3E0052309B /* BannerAdViewController.swift in Sources */ = {isa = PBXBuildFile; fileRef = 90857EF52991BB3E0052309B /* BannerAdViewController.swift */; };
		908B780029857A0500445E12 /* MTAFeed in Frameworks */ = {isa = PBXBuildFile; productRef = 908B77FF29857A0500445E12 /* MTAFeed */; };
		908B78022985BAF500445E12 /* MTABusTripUpdate.swift in Sources */ = {isa = PBXBuildFile; fileRef = 908B78012985BAF500445E12 /* MTABusTripUpdate.swift */; };
		908B78042985BEB700445E12 /* MTABusStopTimeUpdate.swift in Sources */ = {isa = PBXBuildFile; fileRef = 908B78032985BEB700445E12 /* MTABusStopTimeUpdate.swift */; };
		90F9B07C2976064D000CED11 /* NYCBusNearby.sqlite in Resources */ = {isa = PBXBuildFile; fileRef = 9082C1E1297605D9004D7130 /* NYCBusNearby.sqlite */; };
/* End PBXBuildFile section */

/* Begin PBXFileReference section */
		90504D642973556700BDE429 /* LocationHelper.swift */ = {isa = PBXFileReference; lastKnownFileType = sourcecode.swift; path = LocationHelper.swift; sourceTree = "<group>"; };
		90504D67297357C200BDE429 /* routes.txt */ = {isa = PBXFileReference; fileEncoding = 4; lastKnownFileType = text; path = routes.txt; sourceTree = "<group>"; };
		90504D6D29735F8600BDE429 /* MTABusStop.swift */ = {isa = PBXFileReference; lastKnownFileType = sourcecode.swift; path = MTABusStop.swift; sourceTree = "<group>"; };
		906AA4CB29745534000841BD /* DistanceUnit.swift */ = {isa = PBXFileReference; lastKnownFileType = sourcecode.swift; path = DistanceUnit.swift; sourceTree = "<group>"; };
		906AA4CD29745974000841BD /* MTABus.swift */ = {isa = PBXFileReference; lastKnownFileType = sourcecode.swift; path = MTABus.swift; sourceTree = "<group>"; };
		906AA4D129745B65000841BD /* BusesAtStopView.swift */ = {isa = PBXFileReference; lastKnownFileType = sourcecode.swift; path = BusesAtStopView.swift; sourceTree = "<group>"; };
		906AA4D32974A496000841BD /* BusTripUpdateView.swift */ = {isa = PBXFileReference; lastKnownFileType = sourcecode.swift; path = BusTripUpdateView.swift; sourceTree = "<group>"; };
		906AA4D72974B167000841BD /* MTABusTrip.swift */ = {isa = PBXFileReference; lastKnownFileType = sourcecode.swift; path = MTABusTrip.swift; sourceTree = "<group>"; };
		906D0E22298870A000FA1287 /* RestResponseWrapper.swift */ = {isa = PBXFileReference; fileEncoding = 4; lastKnownFileType = sourcecode.swift; path = RestResponseWrapper.swift; sourceTree = "<group>"; };
		906D0E24298870A700FA1287 /* RestVehicle.swift */ = {isa = PBXFileReference; fileEncoding = 4; lastKnownFileType = sourcecode.swift; path = RestVehicle.swift; sourceTree = "<group>"; };
		906D0E26298870AC00FA1287 /* RestVehicleStatus.swift */ = {isa = PBXFileReference; fileEncoding = 4; lastKnownFileType = sourcecode.swift; path = RestVehicleStatus.swift; sourceTree = "<group>"; };
		906D0E28298870B000FA1287 /* RestDirection.swift */ = {isa = PBXFileReference; fileEncoding = 4; lastKnownFileType = sourcecode.swift; path = RestDirection.swift; sourceTree = "<group>"; };
		906D0E2A298870B500FA1287 /* RestTrip.swift */ = {isa = PBXFileReference; fileEncoding = 4; lastKnownFileType = sourcecode.swift; path = RestTrip.swift; sourceTree = "<group>"; };
		906D0E2C298870BA00FA1287 /* RestTripUpdate.swift */ = {isa = PBXFileReference; fileEncoding = 4; lastKnownFileType = sourcecode.swift; path = RestTripUpdate.swift; sourceTree = "<group>"; };
		906D0E2E298870BE00FA1287 /* RestStopTimeUpdate.swift */ = {isa = PBXFileReference; fileEncoding = 4; lastKnownFileType = sourcecode.swift; path = RestStopTimeUpdate.swift; sourceTree = "<group>"; };
		906D0E302988723B00FA1287 /* RestDownloader.swift */ = {isa = PBXFileReference; fileEncoding = 4; lastKnownFileType = sourcecode.swift; path = RestDownloader.swift; sourceTree = "<group>"; };
		9082C1D1297590D7004D7130 /* NYCBusTrips.xcdatamodel */ = {isa = PBXFileReference; lastKnownFileType = wrapper.xcdatamodel; path = NYCBusTrips.xcdatamodel; sourceTree = "<group>"; };
		9082C1D52975BA96004D7130 /* Info.plist */ = {isa = PBXFileReference; lastKnownFileType = text.plist; path = Info.plist; sourceTree = "<group>"; };
		9082C1D62975BE95004D7130 /* SettingsView.swift */ = {isa = PBXFileReference; lastKnownFileType = sourcecode.swift; path = SettingsView.swift; sourceTree = "<group>"; };
		9082C1DB2975F79F004D7130 /* stops.txt */ = {isa = PBXFileReference; fileEncoding = 4; lastKnownFileType = text; path = stops.txt; sourceTree = "<group>"; };
		9082C1DF29760565004D7130 /* trips.txt */ = {isa = PBXFileReference; fileEncoding = 4; lastKnownFileType = text; path = trips.txt; sourceTree = "<group>"; };
		9082C1E1297605D9004D7130 /* NYCBusNearby.sqlite */ = {isa = PBXFileReference; lastKnownFileType = file; path = NYCBusNearby.sqlite; sourceTree = "<group>"; };
		9083654E297217AD0070A354 /* NYCBusNearby.app */ = {isa = PBXFileReference; explicitFileType = wrapper.application; includeInIndex = 0; path = NYCBusNearby.app; sourceTree = BUILT_PRODUCTS_DIR; };
		90836551297217AD0070A354 /* NYCBusNearbyApp.swift */ = {isa = PBXFileReference; lastKnownFileType = sourcecode.swift; path = NYCBusNearbyApp.swift; sourceTree = "<group>"; };
		90836553297217AD0070A354 /* ContentView.swift */ = {isa = PBXFileReference; lastKnownFileType = sourcecode.swift; path = ContentView.swift; sourceTree = "<group>"; };
		90836555297217AE0070A354 /* Assets.xcassets */ = {isa = PBXFileReference; lastKnownFileType = folder.assetcatalog; path = Assets.xcassets; sourceTree = "<group>"; };
		90836558297217AE0070A354 /* Preview Assets.xcassets */ = {isa = PBXFileReference; lastKnownFileType = folder.assetcatalog; path = "Preview Assets.xcassets"; sourceTree = "<group>"; };
		9083655F297218000070A354 /* ViewModel.swift */ = {isa = PBXFileReference; lastKnownFileType = sourcecode.swift; path = ViewModel.swift; sourceTree = "<group>"; };
		90836564297218B20070A354 /* MTAFeedConstant.swift */ = {isa = PBXFileReference; lastKnownFileType = sourcecode.swift; path = MTAFeedConstant.swift; sourceTree = "<group>"; };
		90857EF32991BB1E0052309B /* BannerAd.swift */ = {isa = PBXFileReference; lastKnownFileType = sourcecode.swift; path = BannerAd.swift; sourceTree = "<group>"; };
		90857EF52991BB3E0052309B /* BannerAdViewController.swift */ = {isa = PBXFileReference; lastKnownFileType = sourcecode.swift; path = BannerAdViewController.swift; sourceTree = "<group>"; };
		908B78012985BAF500445E12 /* MTABusTripUpdate.swift */ = {isa = PBXFileReference; lastKnownFileType = sourcecode.swift; path = MTABusTripUpdate.swift; sourceTree = "<group>"; };
		908B78032985BEB700445E12 /* MTABusStopTimeUpdate.swift */ = {isa = PBXFileReference; lastKnownFileType = sourcecode.swift; path = MTABusStopTimeUpdate.swift; sourceTree = "<group>"; };
/* End PBXFileReference section */

/* Begin PBXFrameworksBuildPhase section */
		9083654B297217AD0070A354 /* Frameworks */ = {
			isa = PBXFrameworksBuildPhase;
			buildActionMask = 2147483647;
			files = (
				90857EEE2991BA2E0052309B /* GoogleMobileAds in Frameworks */,
				9082C1CE2975908F004D7130 /* Persistence in Frameworks */,
				9083657A29721B520070A354 /* SwiftProtobufPluginLibrary in Frameworks */,
				90504D712973601100BDE429 /* CodableCSV in Frameworks */,
				908B780029857A0500445E12 /* MTAFeed in Frameworks */,
				9083657829721B520070A354 /* SwiftProtobuf in Frameworks */,
			);
			runOnlyForDeploymentPostprocessing = 0;
		};
/* End PBXFrameworksBuildPhase section */

/* Begin PBXGroup section */
		90504D662973577D00BDE429 /* Resources */ = {
			isa = PBXGroup;
			children = (
				9082C1E1297605D9004D7130 /* NYCBusNearby.sqlite */,
				90504D67297357C200BDE429 /* routes.txt */,
				9082C1DB2975F79F004D7130 /* stops.txt */,
				9082C1DF29760565004D7130 /* trips.txt */,
			);
			path = Resources;
			sourceTree = "<group>";
		};
		906D0E2129886FF500FA1287 /* REST */ = {
			isa = PBXGroup;
			children = (
				906D0E302988723B00FA1287 /* RestDownloader.swift */,
				906D0E2E298870BE00FA1287 /* RestStopTimeUpdate.swift */,
				906D0E2C298870BA00FA1287 /* RestTripUpdate.swift */,
				906D0E2A298870B500FA1287 /* RestTrip.swift */,
				906D0E28298870B000FA1287 /* RestDirection.swift */,
				906D0E26298870AC00FA1287 /* RestVehicleStatus.swift */,
				906D0E24298870A700FA1287 /* RestVehicle.swift */,
				906D0E22298870A000FA1287 /* RestResponseWrapper.swift */,
			);
			path = REST;
			sourceTree = "<group>";
		};
		9082C1CF297590B2004D7130 /* CoreData */ = {
			isa = PBXGroup;
			children = (
				9082C1D0297590D7004D7130 /* NYCBusNearby.xcdatamodeld */,
			);
			path = CoreData;
			sourceTree = "<group>";
		};
		9082C1D82975BEA1004D7130 /* Views */ = {
			isa = PBXGroup;
			children = (
				9082C1D62975BE95004D7130 /* SettingsView.swift */,
				906AA4D129745B65000841BD /* BusesAtStopView.swift */,
				906AA4D32974A496000841BD /* BusTripUpdateView.swift */,
			);
			path = Views;
			sourceTree = "<group>";
		};
		90836545297217AD0070A354 = {
			isa = PBXGroup;
			children = (
				90836550297217AD0070A354 /* NYCBusNearby */,
				9083654F297217AD0070A354 /* Products */,
			);
			sourceTree = "<group>";
		};
		9083654F297217AD0070A354 /* Products */ = {
			isa = PBXGroup;
			children = (
				9083654E297217AD0070A354 /* NYCBusNearby.app */,
			);
			name = Products;
			sourceTree = "<group>";
		};
		90836550297217AD0070A354 /* NYCBusNearby */ = {
			isa = PBXGroup;
			children = (
				90857EF22991BB0E0052309B /* AdMob */,
				9082C1D82975BEA1004D7130 /* Views */,
				9082C1D52975BA96004D7130 /* Info.plist */,
				9082C1CF297590B2004D7130 /* CoreData */,
				90504D662973577D00BDE429 /* Resources */,
				90836561297218240070A354 /* Model */,
				90836551297217AD0070A354 /* NYCBusNearbyApp.swift */,
				90836553297217AD0070A354 /* ContentView.swift */,
				90836555297217AE0070A354 /* Assets.xcassets */,
				90836557297217AE0070A354 /* Preview Content */,
				9083655F297218000070A354 /* ViewModel.swift */,
			);
			path = NYCBusNearby;
			sourceTree = "<group>";
		};
		90836557297217AE0070A354 /* Preview Content */ = {
			isa = PBXGroup;
			children = (
				90836558297217AE0070A354 /* Preview Assets.xcassets */,
			);
			path = "Preview Content";
			sourceTree = "<group>";
		};
		90836561297218240070A354 /* Model */ = {
			isa = PBXGroup;
			children = (
				906D0E2129886FF500FA1287 /* REST */,
				906AA4CB29745534000841BD /* DistanceUnit.swift */,
				90504D642973556700BDE429 /* LocationHelper.swift */,
				906AA4CD29745974000841BD /* MTABus.swift */,
				90504D6D29735F8600BDE429 /* MTABusStop.swift */,
				906AA4D72974B167000841BD /* MTABusTrip.swift */,
				90836564297218B20070A354 /* MTAFeedConstant.swift */,
				908B78012985BAF500445E12 /* MTABusTripUpdate.swift */,
				908B78032985BEB700445E12 /* MTABusStopTimeUpdate.swift */,
			);
			path = Model;
			sourceTree = "<group>";
		};
		90857EF22991BB0E0052309B /* AdMob */ = {
			isa = PBXGroup;
			children = (
				90857EF32991BB1E0052309B /* BannerAd.swift */,
				90857EF52991BB3E0052309B /* BannerAdViewController.swift */,
			);
			path = AdMob;
			sourceTree = "<group>";
		};
/* End PBXGroup section */

/* Begin PBXNativeTarget section */
		9083654D297217AD0070A354 /* NYCBusNearby */ = {
			isa = PBXNativeTarget;
			buildConfigurationList = 9083655C297217AE0070A354 /* Build configuration list for PBXNativeTarget "NYCBusNearby" */;
			buildPhases = (
				9083654A297217AD0070A354 /* Sources */,
				9083654B297217AD0070A354 /* Frameworks */,
				9083654C297217AD0070A354 /* Resources */,
			);
			buildRules = (
			);
			dependencies = (
			);
			name = NYCBusNearby;
			packageProductDependencies = (
				9083657729721B520070A354 /* SwiftProtobuf */,
				9083657929721B520070A354 /* SwiftProtobufPluginLibrary */,
				90504D702973601100BDE429 /* CodableCSV */,
				9082C1CD2975908F004D7130 /* Persistence */,
				908B77FF29857A0500445E12 /* MTAFeed */,
				90857EED2991BA2E0052309B /* GoogleMobileAds */,
			);
			productName = NYCBusNearby;
			productReference = 9083654E297217AD0070A354 /* NYCBusNearby.app */;
			productType = "com.apple.product-type.application";
		};
/* End PBXNativeTarget section */

/* Begin PBXProject section */
		90836546297217AD0070A354 /* Project object */ = {
			isa = PBXProject;
			attributes = {
				BuildIndependentTargetsInParallel = 1;
				LastSwiftUpdateCheck = 1420;
				LastUpgradeCheck = 1420;
				TargetAttributes = {
					9083654D297217AD0070A354 = {
						CreatedOnToolsVersion = 14.2;
					};
				};
			};
			buildConfigurationList = 90836549297217AD0070A354 /* Build configuration list for PBXProject "NYCBusNearby" */;
			compatibilityVersion = "Xcode 14.0";
			developmentRegion = en;
			hasScannedForEncodings = 0;
			knownRegions = (
				en,
				Base,
			);
			mainGroup = 90836545297217AD0070A354;
			packageReferences = (
				9083657629721B520070A354 /* XCRemoteSwiftPackageReference "swift-protobuf" */,
				90504D6F2973601100BDE429 /* XCRemoteSwiftPackageReference "CodableCSV" */,
				9082C1CC2975908F004D7130 /* XCRemoteSwiftPackageReference "PersistenceSwift" */,
				908B77FE29857A0500445E12 /* XCRemoteSwiftPackageReference "MTAFeed-Swift" */,
				90857EEC2991BA2E0052309B /* XCRemoteSwiftPackageReference "swift-package-manager-google-mobile-ads" */,
			);
			productRefGroup = 9083654F297217AD0070A354 /* Products */;
			projectDirPath = "";
			projectRoot = "";
			targets = (
				9083654D297217AD0070A354 /* NYCBusNearby */,
			);
		};
/* End PBXProject section */

/* Begin PBXResourcesBuildPhase section */
		9083654C297217AD0070A354 /* Resources */ = {
			isa = PBXResourcesBuildPhase;
			buildActionMask = 2147483647;
			files = (
				90F9B07C2976064D000CED11 /* NYCBusNearby.sqlite in Resources */,
				90836559297217AE0070A354 /* Preview Assets.xcassets in Resources */,
				90836556297217AE0070A354 /* Assets.xcassets in Resources */,
				9082C1DC2975F79F004D7130 /* stops.txt in Resources */,
				90504D68297357C200BDE429 /* routes.txt in Resources */,
				9082C1E029760565004D7130 /* trips.txt in Resources */,
			);
			runOnlyForDeploymentPostprocessing = 0;
		};
/* End PBXResourcesBuildPhase section */

/* Begin PBXSourcesBuildPhase section */
		9083654A297217AD0070A354 /* Sources */ = {
			isa = PBXSourcesBuildPhase;
			buildActionMask = 2147483647;
			files = (
				90504D652973556700BDE429 /* LocationHelper.swift in Sources */,
				90857EF62991BB3E0052309B /* BannerAdViewController.swift in Sources */,
				906D0E2D298870BA00FA1287 /* RestTripUpdate.swift in Sources */,
				908B78042985BEB700445E12 /* MTABusStopTimeUpdate.swift in Sources */,
				906D0E2F298870BE00FA1287 /* RestStopTimeUpdate.swift in Sources */,
				90857EF42991BB1E0052309B /* BannerAd.swift in Sources */,
				906D0E25298870A700FA1287 /* RestVehicle.swift in Sources */,
				906D0E23298870A000FA1287 /* RestResponseWrapper.swift in Sources */,
				90836554297217AD0070A354 /* ContentView.swift in Sources */,
				90836565297218B20070A354 /* MTAFeedConstant.swift in Sources */,
				90836560297218000070A354 /* ViewModel.swift in Sources */,
				90504D6E29735F8600BDE429 /* MTABusStop.swift in Sources */,
				906D0E29298870B000FA1287 /* RestDirection.swift in Sources */,
				906D0E27298870AC00FA1287 /* RestVehicleStatus.swift in Sources */,
				9082C1D2297590D7004D7130 /* NYCBusNearby.xcdatamodeld in Sources */,
				906AA4CE29745974000841BD /* MTABus.swift in Sources */,
				906AA4D42974A496000841BD /* BusTripUpdateView.swift in Sources */,
				90836552297217AD0070A354 /* NYCBusNearbyApp.swift in Sources */,
				906D0E2B298870B500FA1287 /* RestTrip.swift in Sources */,
				908B78022985BAF500445E12 /* MTABusTripUpdate.swift in Sources */,
				906AA4D82974B167000841BD /* MTABusTrip.swift in Sources */,
				906D0E312988723B00FA1287 /* RestDownloader.swift in Sources */,
				906AA4D229745B65000841BD /* BusesAtStopView.swift in Sources */,
				9082C1D72975BE95004D7130 /* SettingsView.swift in Sources */,
				906AA4CC29745534000841BD /* DistanceUnit.swift in Sources */,
			);
			runOnlyForDeploymentPostprocessing = 0;
		};
/* End PBXSourcesBuildPhase section */

/* Begin XCBuildConfiguration section */
		9083655A297217AE0070A354 /* Debug */ = {
			isa = XCBuildConfiguration;
			buildSettings = {
				ALWAYS_SEARCH_USER_PATHS = NO;
				CLANG_ANALYZER_NONNULL = YES;
				CLANG_ANALYZER_NUMBER_OBJECT_CONVERSION = YES_AGGRESSIVE;
				CLANG_CXX_LANGUAGE_STANDARD = "gnu++20";
				CLANG_ENABLE_MODULES = YES;
				CLANG_ENABLE_OBJC_ARC = YES;
				CLANG_ENABLE_OBJC_WEAK = YES;
				CLANG_WARN_BLOCK_CAPTURE_AUTORELEASING = YES;
				CLANG_WARN_BOOL_CONVERSION = YES;
				CLANG_WARN_COMMA = YES;
				CLANG_WARN_CONSTANT_CONVERSION = YES;
				CLANG_WARN_DEPRECATED_OBJC_IMPLEMENTATIONS = YES;
				CLANG_WARN_DIRECT_OBJC_ISA_USAGE = YES_ERROR;
				CLANG_WARN_DOCUMENTATION_COMMENTS = YES;
				CLANG_WARN_EMPTY_BODY = YES;
				CLANG_WARN_ENUM_CONVERSION = YES;
				CLANG_WARN_INFINITE_RECURSION = YES;
				CLANG_WARN_INT_CONVERSION = YES;
				CLANG_WARN_NON_LITERAL_NULL_CONVERSION = YES;
				CLANG_WARN_OBJC_IMPLICIT_RETAIN_SELF = YES;
				CLANG_WARN_OBJC_LITERAL_CONVERSION = YES;
				CLANG_WARN_OBJC_ROOT_CLASS = YES_ERROR;
				CLANG_WARN_QUOTED_INCLUDE_IN_FRAMEWORK_HEADER = YES;
				CLANG_WARN_RANGE_LOOP_ANALYSIS = YES;
				CLANG_WARN_STRICT_PROTOTYPES = YES;
				CLANG_WARN_SUSPICIOUS_MOVE = YES;
				CLANG_WARN_UNGUARDED_AVAILABILITY = YES_AGGRESSIVE;
				CLANG_WARN_UNREACHABLE_CODE = YES;
				CLANG_WARN__DUPLICATE_METHOD_MATCH = YES;
				COPY_PHASE_STRIP = NO;
				DEBUG_INFORMATION_FORMAT = dwarf;
				ENABLE_STRICT_OBJC_MSGSEND = YES;
				ENABLE_TESTABILITY = YES;
				GCC_C_LANGUAGE_STANDARD = gnu11;
				GCC_DYNAMIC_NO_PIC = NO;
				GCC_NO_COMMON_BLOCKS = YES;
				GCC_OPTIMIZATION_LEVEL = 0;
				GCC_PREPROCESSOR_DEFINITIONS = (
					"DEBUG=1",
					"$(inherited)",
				);
				GCC_WARN_64_TO_32_BIT_CONVERSION = YES;
				GCC_WARN_ABOUT_RETURN_TYPE = YES_ERROR;
				GCC_WARN_UNDECLARED_SELECTOR = YES;
				GCC_WARN_UNINITIALIZED_AUTOS = YES_AGGRESSIVE;
				GCC_WARN_UNUSED_FUNCTION = YES;
				GCC_WARN_UNUSED_VARIABLE = YES;
				IPHONEOS_DEPLOYMENT_TARGET = 16.2;
				MTL_ENABLE_DEBUG_INFO = INCLUDE_SOURCE;
				MTL_FAST_MATH = YES;
				ONLY_ACTIVE_ARCH = YES;
				OTHER_LDFLAGS = "-ObjC";
				SDKROOT = iphoneos;
				SWIFT_ACTIVE_COMPILATION_CONDITIONS = DEBUG;
				SWIFT_OPTIMIZATION_LEVEL = "-Onone";
			};
			name = Debug;
		};
		9083655B297217AE0070A354 /* Release */ = {
			isa = XCBuildConfiguration;
			buildSettings = {
				ALWAYS_SEARCH_USER_PATHS = NO;
				CLANG_ANALYZER_NONNULL = YES;
				CLANG_ANALYZER_NUMBER_OBJECT_CONVERSION = YES_AGGRESSIVE;
				CLANG_CXX_LANGUAGE_STANDARD = "gnu++20";
				CLANG_ENABLE_MODULES = YES;
				CLANG_ENABLE_OBJC_ARC = YES;
				CLANG_ENABLE_OBJC_WEAK = YES;
				CLANG_WARN_BLOCK_CAPTURE_AUTORELEASING = YES;
				CLANG_WARN_BOOL_CONVERSION = YES;
				CLANG_WARN_COMMA = YES;
				CLANG_WARN_CONSTANT_CONVERSION = YES;
				CLANG_WARN_DEPRECATED_OBJC_IMPLEMENTATIONS = YES;
				CLANG_WARN_DIRECT_OBJC_ISA_USAGE = YES_ERROR;
				CLANG_WARN_DOCUMENTATION_COMMENTS = YES;
				CLANG_WARN_EMPTY_BODY = YES;
				CLANG_WARN_ENUM_CONVERSION = YES;
				CLANG_WARN_INFINITE_RECURSION = YES;
				CLANG_WARN_INT_CONVERSION = YES;
				CLANG_WARN_NON_LITERAL_NULL_CONVERSION = YES;
				CLANG_WARN_OBJC_IMPLICIT_RETAIN_SELF = YES;
				CLANG_WARN_OBJC_LITERAL_CONVERSION = YES;
				CLANG_WARN_OBJC_ROOT_CLASS = YES_ERROR;
				CLANG_WARN_QUOTED_INCLUDE_IN_FRAMEWORK_HEADER = YES;
				CLANG_WARN_RANGE_LOOP_ANALYSIS = YES;
				CLANG_WARN_STRICT_PROTOTYPES = YES;
				CLANG_WARN_SUSPICIOUS_MOVE = YES;
				CLANG_WARN_UNGUARDED_AVAILABILITY = YES_AGGRESSIVE;
				CLANG_WARN_UNREACHABLE_CODE = YES;
				CLANG_WARN__DUPLICATE_METHOD_MATCH = YES;
				COPY_PHASE_STRIP = NO;
				DEBUG_INFORMATION_FORMAT = "dwarf-with-dsym";
				ENABLE_NS_ASSERTIONS = NO;
				ENABLE_STRICT_OBJC_MSGSEND = YES;
				GCC_C_LANGUAGE_STANDARD = gnu11;
				GCC_NO_COMMON_BLOCKS = YES;
				GCC_WARN_64_TO_32_BIT_CONVERSION = YES;
				GCC_WARN_ABOUT_RETURN_TYPE = YES_ERROR;
				GCC_WARN_UNDECLARED_SELECTOR = YES;
				GCC_WARN_UNINITIALIZED_AUTOS = YES_AGGRESSIVE;
				GCC_WARN_UNUSED_FUNCTION = YES;
				GCC_WARN_UNUSED_VARIABLE = YES;
				IPHONEOS_DEPLOYMENT_TARGET = 16.2;
				MTL_ENABLE_DEBUG_INFO = NO;
				MTL_FAST_MATH = YES;
				OTHER_LDFLAGS = "-ObjC";
				SDKROOT = iphoneos;
				SWIFT_COMPILATION_MODE = wholemodule;
				SWIFT_OPTIMIZATION_LEVEL = "-O";
				VALIDATE_PRODUCT = YES;
			};
			name = Release;
		};
		9083655D297217AE0070A354 /* Debug */ = {
			isa = XCBuildConfiguration;
			buildSettings = {
				ASSETCATALOG_COMPILER_APPICON_NAME = AppIcon;
				ASSETCATALOG_COMPILER_GLOBAL_ACCENT_COLOR_NAME = AccentColor;
				CODE_SIGN_STYLE = Automatic;
				CURRENT_PROJECT_VERSION = 9;
				DEVELOPMENT_ASSET_PATHS = "\"NYCBusNearby/Preview Content\"";
				DEVELOPMENT_TEAM = U8VSJXRJTQ;
				ENABLE_PREVIEWS = YES;
				GENERATE_INFOPLIST_FILE = YES;
				INFOPLIST_FILE = NYCBusNearby/Info.plist;
				INFOPLIST_KEY_CFBundleDisplayName = "NYC Buses Near Me";
				INFOPLIST_KEY_LSApplicationCategoryType = "public.app-category.travel";
				INFOPLIST_KEY_NSLocationWhenInUseUsageDescription = "Your location is used to provide bus schedule at the nearby stops";
				INFOPLIST_KEY_UIApplicationSupportsIndirectInputEvents = YES;
				INFOPLIST_KEY_UILaunchScreen_Generation = YES;
				INFOPLIST_KEY_UISupportedInterfaceOrientations_iPad = "UIInterfaceOrientationPortrait UIInterfaceOrientationPortraitUpsideDown UIInterfaceOrientationLandscapeLeft UIInterfaceOrientationLandscapeRight";
				INFOPLIST_KEY_UISupportedInterfaceOrientations_iPhone = "UIInterfaceOrientationPortrait UIInterfaceOrientationLandscapeLeft UIInterfaceOrientationLandscapeRight";
				LD_RUNPATH_SEARCH_PATHS = (
					"$(inherited)",
					"@executable_path/Frameworks",
				);
				MARKETING_VERSION = 1.0;
				PRODUCT_BUNDLE_IDENTIFIER = com.resonance.NYCBusNearby;
				PRODUCT_NAME = "$(TARGET_NAME)";
				SWIFT_EMIT_LOC_STRINGS = YES;
				SWIFT_VERSION = 5.0;
				TARGETED_DEVICE_FAMILY = "1,2";
			};
			name = Debug;
		};
		9083655E297217AE0070A354 /* Release */ = {
			isa = XCBuildConfiguration;
			buildSettings = {
				ASSETCATALOG_COMPILER_APPICON_NAME = AppIcon;
				ASSETCATALOG_COMPILER_GLOBAL_ACCENT_COLOR_NAME = AccentColor;
				CODE_SIGN_STYLE = Automatic;
				CURRENT_PROJECT_VERSION = 9;
				DEVELOPMENT_ASSET_PATHS = "\"NYCBusNearby/Preview Content\"";
				DEVELOPMENT_TEAM = U8VSJXRJTQ;
				ENABLE_PREVIEWS = YES;
				GENERATE_INFOPLIST_FILE = YES;
				INFOPLIST_FILE = NYCBusNearby/Info.plist;
				INFOPLIST_KEY_CFBundleDisplayName = "NYC Buses Near Me";
				INFOPLIST_KEY_LSApplicationCategoryType = "public.app-category.travel";
				INFOPLIST_KEY_NSLocationWhenInUseUsageDescription = "Your location is used to provide bus schedule at the nearby stops";
				INFOPLIST_KEY_UIApplicationSupportsIndirectInputEvents = YES;
				INFOPLIST_KEY_UILaunchScreen_Generation = YES;
				INFOPLIST_KEY_UISupportedInterfaceOrientations_iPad = "UIInterfaceOrientationPortrait UIInterfaceOrientationPortraitUpsideDown UIInterfaceOrientationLandscapeLeft UIInterfaceOrientationLandscapeRight";
				INFOPLIST_KEY_UISupportedInterfaceOrientations_iPhone = "UIInterfaceOrientationPortrait UIInterfaceOrientationLandscapeLeft UIInterfaceOrientationLandscapeRight";
				LD_RUNPATH_SEARCH_PATHS = (
					"$(inherited)",
					"@executable_path/Frameworks",
				);
				MARKETING_VERSION = 1.0;
				PRODUCT_BUNDLE_IDENTIFIER = com.resonance.NYCBusNearby;
				PRODUCT_NAME = "$(TARGET_NAME)";
				SWIFT_EMIT_LOC_STRINGS = YES;
				SWIFT_VERSION = 5.0;
				TARGETED_DEVICE_FAMILY = "1,2";
			};
			name = Release;
		};
/* End XCBuildConfiguration section */

/* Begin XCConfigurationList section */
		90836549297217AD0070A354 /* Build configuration list for PBXProject "NYCBusNearby" */ = {
			isa = XCConfigurationList;
			buildConfigurations = (
				9083655A297217AE0070A354 /* Debug */,
				9083655B297217AE0070A354 /* Release */,
			);
			defaultConfigurationIsVisible = 0;
			defaultConfigurationName = Release;
		};
		9083655C297217AE0070A354 /* Build configuration list for PBXNativeTarget "NYCBusNearby" */ = {
			isa = XCConfigurationList;
			buildConfigurations = (
				9083655D297217AE0070A354 /* Debug */,
				9083655E297217AE0070A354 /* Release */,
			);
			defaultConfigurationIsVisible = 0;
			defaultConfigurationName = Release;
		};
/* End XCConfigurationList section */

/* Begin XCRemoteSwiftPackageReference section */
		90504D6F2973601100BDE429 /* XCRemoteSwiftPackageReference "CodableCSV" */ = {
			isa = XCRemoteSwiftPackageReference;
			repositoryURL = "https://github.com/dehesa/CodableCSV";
			requirement = {
				kind = upToNextMajorVersion;
				minimumVersion = 0.6.7;
			};
		};
		9082C1CC2975908F004D7130 /* XCRemoteSwiftPackageReference "PersistenceSwift" */ = {
			isa = XCRemoteSwiftPackageReference;
			repositoryURL = "https://github.com/jaeseung16/PersistenceSwift";
			requirement = {
				kind = upToNextMajorVersion;
				minimumVersion = 0.1.4;
			};
		};
		9083657629721B520070A354 /* XCRemoteSwiftPackageReference "swift-protobuf" */ = {
			isa = XCRemoteSwiftPackageReference;
			repositoryURL = "https://github.com/apple/swift-protobuf.git";
			requirement = {
				kind = upToNextMajorVersion;
				minimumVersion = 1.0.0;
			};
		};
		90857EEC2991BA2E0052309B /* XCRemoteSwiftPackageReference "swift-package-manager-google-mobile-ads" */ = {
			isa = XCRemoteSwiftPackageReference;
			repositoryURL = "https://github.com/googleads/swift-package-manager-google-mobile-ads.git";
			requirement = {
				kind = upToNextMajorVersion;
				minimumVersion = 9.0.0;
			};
		};
		908B77FE29857A0500445E12 /* XCRemoteSwiftPackageReference "MTAFeed-Swift" */ = {
			isa = XCRemoteSwiftPackageReference;
			repositoryURL = "https://github.com/jaeseung16/MTAFeed-Swift";
			requirement = {
				branch = main;
				kind = branch;
			};
		};
/* End XCRemoteSwiftPackageReference section */

/* Begin XCSwiftPackageProductDependency section */
		90504D702973601100BDE429 /* CodableCSV */ = {
			isa = XCSwiftPackageProductDependency;
			package = 90504D6F2973601100BDE429 /* XCRemoteSwiftPackageReference "CodableCSV" */;
			productName = CodableCSV;
		};
		9082C1CD2975908F004D7130 /* Persistence */ = {
			isa = XCSwiftPackageProductDependency;
			package = 9082C1CC2975908F004D7130 /* XCRemoteSwiftPackageReference "PersistenceSwift" */;
			productName = Persistence;
		};
		9083657729721B520070A354 /* SwiftProtobuf */ = {
			isa = XCSwiftPackageProductDependency;
			package = 9083657629721B520070A354 /* XCRemoteSwiftPackageReference "swift-protobuf" */;
			productName = SwiftProtobuf;
		};
		9083657929721B520070A354 /* SwiftProtobufPluginLibrary */ = {
			isa = XCSwiftPackageProductDependency;
			package = 9083657629721B520070A354 /* XCRemoteSwiftPackageReference "swift-protobuf" */;
			productName = SwiftProtobufPluginLibrary;
		};
		90857EED2991BA2E0052309B /* GoogleMobileAds */ = {
			isa = XCSwiftPackageProductDependency;
			package = 90857EEC2991BA2E0052309B /* XCRemoteSwiftPackageReference "swift-package-manager-google-mobile-ads" */;
			productName = GoogleMobileAds;
		};
		908B77FF29857A0500445E12 /* MTAFeed */ = {
			isa = XCSwiftPackageProductDependency;
			package = 908B77FE29857A0500445E12 /* XCRemoteSwiftPackageReference "MTAFeed-Swift" */;
			productName = MTAFeed;
		};
/* End XCSwiftPackageProductDependency section */

/* Begin XCVersionGroup section */
		9082C1D0297590D7004D7130 /* NYCBusNearby.xcdatamodeld */ = {
			isa = XCVersionGroup;
			children = (
				9082C1D1297590D7004D7130 /* NYCBusTrips.xcdatamodel */,
			);
			currentVersion = 9082C1D1297590D7004D7130 /* NYCBusTrips.xcdatamodel */;
			path = NYCBusNearby.xcdatamodeld;
			sourceTree = "<group>";
			versionGroupType = wrapper.xcdatamodel;
		};
/* End XCVersionGroup section */
	};
	rootObject = 90836546297217AD0070A354 /* Project object */;
}
